
Microsoft Visual Studio Solution File, Format Version 12.00
# Visual Studio 15
VisualStudioVersion = 15.0.28010.2036
MinimumVisualStudioVersion = 10.0.40219.1
Project("{FAE04EC0-301F-11D3-BF4B-00C04F79EFBC}") = "Scripts", "Scripts\Scripts.csproj", "{1248C96A-5EE4-4DE7-8FBC-CD8862E0D531}"
EndProject
Global
	GlobalSection(SolutionConfigurationPlatforms) = preSolution
		Debug|Any CPU = Debug|Any CPU
		Release|Any CPU = Release|Any CPU
	EndGlobalSection
	GlobalSection(ProjectConfigurationPlatforms) = postSolution
		{1248C96A-5EE4-4DE7-8FBC-CD8862E0D531}.Debug|Any CPU.ActiveCfg = Debug|Any CPU
		{1248C96A-5EE4-4DE7-8FBC-CD8862E0D531}.Debug|Any CPU.Build.0 = Debug|Any CPU
		{1248C96A-5EE4-4DE7-8FBC-CD8862E0D531}.Release|Any CPU.ActiveCfg = Release|Any CPU
		{1248C96A-5EE4-4DE7-8FBC-CD8862E0D531}.Release|Any CPU.Build.0 = Release|Any CPU
	EndGlobalSection
	GlobalSection(SolutionProperties) = preSolution
		HideSolutionNode = FALSE
	EndGlobalSection
	GlobalSection(ExtensibilityGlobals) = postSolution
		SolutionGuid = {2BE0E2A3-B038-4B58-BDA1-6E2F5990AEC0}
	EndGlobalSection
EndGlobal
